{
  "version": 4,
  "terraform_version": "1.1.5",
  "serial": 7,
  "lineage": "44db9553-c8cf-1fd2-1a25-cd59220b3a3e",
  "outputs": {
    "resource_group_id": {
      "value": "/subscriptions/37e98bd1-3ba5-4721-be70-cf50ae351d53/resourceGroups/VPSesourceGroup",
      "type": "string"
    }
  },
  "resources": [
    {
      "mode": "managed",
      "type": "azurerm_linux_virtual_machine",
      "name": "seetoothVPS",
      "provider": "provider[\"registry.terraform.io/hashicorp/azurerm\"]",
      "instances": [
        {
          "schema_version": 0,
          "attributes": {
            "additional_capabilities": [],
            "admin_password": "R0manticer4!",
            "admin_ssh_key": [],
            "admin_username": "thr34dr1pp3r",
            "allow_extension_operations": true,
            "availability_set_id": "",
            "boot_diagnostics": [],
            "computer_name": "VPSesourceGroup",
            "custom_data": null,
            "dedicated_host_group_id": "",
            "dedicated_host_id": "",
            "disable_password_authentication": false,
            "encryption_at_host_enabled": false,
            "eviction_policy": "",
            "extensions_time_budget": "PT1H30M",
            "id": "/subscriptions/37e98bd1-3ba5-4721-be70-cf50ae351d53/resourceGroups/VPSesourceGroup/providers/Microsoft.Compute/virtualMachines/VPSesourceGroup",
            "identity": [],
            "license_type": "",
            "location": "westus2",
            "max_bid_price": -1,
            "name": "VPSesourceGroup",
            "network_interface_ids": [
              "/subscriptions/37e98bd1-3ba5-4721-be70-cf50ae351d53/resourceGroups/VPSesourceGroup/providers/Microsoft.Network/networkInterfaces/VPSesourceGroup"
            ],
            "os_disk": [
              {
                "caching": "ReadWrite",
                "diff_disk_settings": [],
                "disk_encryption_set_id": "",
                "disk_size_gb": 30,
                "name": "VPSesourceGroup_disk1_e60d46a2f9f847cc9ca129a1aa309d70",
                "storage_account_type": "Standard_LRS",
                "write_accelerator_enabled": false
              }
            ],
            "patch_mode": "ImageDefault",
            "plan": [],
            "platform_fault_domain": -1,
            "priority": "Regular",
            "private_ip_address": "10.0.2.4",
            "private_ip_addresses": [
              "10.0.2.4"
            ],
            "provision_vm_agent": true,
            "proximity_placement_group_id": "",
            "public_ip_address": "",
            "public_ip_addresses": [],
            "resource_group_name": "VPSesourceGroup",
            "secret": [],
            "secure_boot_enabled": false,
            "size": "Standard_D2s_v3",
            "source_image_id": "",
            "source_image_reference": [
              {
                "offer": "UbuntuServer",
                "publisher": "Canonical",
                "sku": "18.04-LTS",
                "version": "latest"
              }
            ],
            "tags": {},
            "timeouts": null,
            "user_data": "",
            "virtual_machine_id": "14bdd8a0-c6fc-4862-9929-b74f367c6de8",
            "virtual_machine_scale_set_id": "",
            "vtpm_enabled": false,
            "zone": ""
          },
          "sensitive_attributes": [],
          "private": "eyJlMmJmYjczMC1lY2FhLTExZTYtOGY4OC0zNDM2M2JjN2M0YzAiOnsiY3JlYXRlIjoyNzAwMDAwMDAwMDAwLCJkZWxldGUiOjI3MDAwMDAwMDAwMDAsInJlYWQiOjMwMDAwMDAwMDAwMCwidXBkYXRlIjoyNzAwMDAwMDAwMDAwfX0=",
          "dependencies": [
            "azurerm_network_interface.seetoothVPS",
            "azurerm_resource_group.seetoothVPS",
            "azurerm_subnet.internal",
            "azurerm_virtual_network.seetoothVPS"
          ]
        }
      ]
    },
    {
      "mode": "managed",
      "type": "azurerm_network_interface",
      "name": "seetoothVPS",
      "provider": "provider[\"registry.terraform.io/hashicorp/azurerm\"]",
      "instances": [
        {
          "schema_version": 0,
          "attributes": {
            "applied_dns_servers": [],
            "dns_servers": [],
            "enable_accelerated_networking": false,
            "enable_ip_forwarding": false,
            "id": "/subscriptions/37e98bd1-3ba5-4721-be70-cf50ae351d53/resourceGroups/VPSesourceGroup/providers/Microsoft.Network/networkInterfaces/VPSesourceGroup",
            "internal_dns_name_label": "",
            "internal_domain_name_suffix": "jdjn0c1efstexbezucimfum4wg.xx.internal.cloudapp.net",
            "ip_configuration": [
              {
                "gateway_load_balancer_frontend_ip_configuration_id": "",
                "name": "internal",
                "primary": true,
                "private_ip_address": "10.0.2.4",
                "private_ip_address_allocation": "Dynamic",
                "private_ip_address_version": "IPv4",
                "public_ip_address_id": "",
                "subnet_id": "/subscriptions/37e98bd1-3ba5-4721-be70-cf50ae351d53/resourceGroups/VPSesourceGroup/providers/Microsoft.Network/virtualNetworks/VPSesourceGroup/subnets/internal"
              }
            ],
            "location": "westus2",
            "mac_address": "00-0D-3A-F5-ED-D7",
            "name": "VPSesourceGroup",
            "private_ip_address": "10.0.2.4",
            "private_ip_addresses": [
              "10.0.2.4"
            ],
            "resource_group_name": "VPSesourceGroup",
            "tags": {},
            "timeouts": null,
            "virtual_machine_id": "/subscriptions/37e98bd1-3ba5-4721-be70-cf50ae351d53/resourceGroups/VPSesourceGroup/providers/Microsoft.Compute/virtualMachines/VPSesourceGroup"
          },
          "sensitive_attributes": [],
          "private": "eyJlMmJmYjczMC1lY2FhLTExZTYtOGY4OC0zNDM2M2JjN2M0YzAiOnsiY3JlYXRlIjoxODAwMDAwMDAwMDAwLCJkZWxldGUiOjE4MDAwMDAwMDAwMDAsInJlYWQiOjMwMDAwMDAwMDAwMCwidXBkYXRlIjoxODAwMDAwMDAwMDAwfX0=",
          "dependencies": [
            "azurerm_resource_group.seetoothVPS",
            "azurerm_subnet.internal",
            "azurerm_virtual_network.seetoothVPS"
          ]
        }
      ]
    },
    {
      "mode": "managed",
      "type": "azurerm_resource_group",
      "name": "seetoothVPS",
      "provider": "provider[\"registry.terraform.io/hashicorp/azurerm\"]",
      "instances": [
        {
          "schema_version": 0,
          "attributes": {
            "id": "/subscriptions/37e98bd1-3ba5-4721-be70-cf50ae351d53/resourceGroups/VPSesourceGroup",
            "location": "westus2",
            "name": "VPSesourceGroup",
            "tags": {},
            "timeouts": null
          },
          "sensitive_attributes": [],
          "private": "eyJlMmJmYjczMC1lY2FhLTExZTYtOGY4OC0zNDM2M2JjN2M0YzAiOnsiY3JlYXRlIjo1NDAwMDAwMDAwMDAwLCJkZWxldGUiOjU0MDAwMDAwMDAwMDAsInJlYWQiOjMwMDAwMDAwMDAwMCwidXBkYXRlIjo1NDAwMDAwMDAwMDAwfX0="
        }
      ]
    },
    {
      "mode": "managed",
      "type": "azurerm_subnet",
      "name": "internal",
      "provider": "provider[\"registry.terraform.io/hashicorp/azurerm\"]",
      "instances": [
        {
          "schema_version": 0,
          "attributes": {
            "address_prefix": "10.0.2.0/24",
            "address_prefixes": [
              "10.0.2.0/24"
            ],
            "delegation": [],
            "enforce_private_link_endpoint_network_policies": false,
            "enforce_private_link_service_network_policies": false,
            "id": "/subscriptions/37e98bd1-3ba5-4721-be70-cf50ae351d53/resourceGroups/VPSesourceGroup/providers/Microsoft.Network/virtualNetworks/VPSesourceGroup/subnets/internal",
            "name": "internal",
            "resource_group_name": "VPSesourceGroup",
            "service_endpoint_policy_ids": [],
            "service_endpoints": [],
            "timeouts": null,
            "virtual_network_name": "VPSesourceGroup"
          },
          "sensitive_attributes": [],
          "private": "eyJlMmJmYjczMC1lY2FhLTExZTYtOGY4OC0zNDM2M2JjN2M0YzAiOnsiY3JlYXRlIjoxODAwMDAwMDAwMDAwLCJkZWxldGUiOjE4MDAwMDAwMDAwMDAsInJlYWQiOjMwMDAwMDAwMDAwMCwidXBkYXRlIjoxODAwMDAwMDAwMDAwfX0=",
          "dependencies": [
            "azurerm_resource_group.seetoothVPS",
            "azurerm_virtual_network.seetoothVPS"
          ]
        }
      ]
    },
    {
      "mode": "managed",
      "type": "azurerm_virtual_network",
      "name": "seetoothVPS",
      "provider": "provider[\"registry.terraform.io/hashicorp/azurerm\"]",
      "instances": [
        {
          "schema_version": 0,
          "attributes": {
            "address_space": [
              "10.0.0.0/22"
            ],
            "bgp_community": "",
            "ddos_protection_plan": [],
            "dns_servers": [],
            "flow_timeout_in_minutes": 0,
            "guid": "0bddd248-2c64-4ba6-8499-a090c2d19eb6",
            "id": "/subscriptions/37e98bd1-3ba5-4721-be70-cf50ae351d53/resourceGroups/VPSesourceGroup/providers/Microsoft.Network/virtualNetworks/VPSesourceGroup",
            "location": "westus2",
            "name": "VPSesourceGroup",
            "resource_group_name": "VPSesourceGroup",
            "subnet": [
              {
                "address_prefix": "10.0.2.0/24",
                "id": "/subscriptions/37e98bd1-3ba5-4721-be70-cf50ae351d53/resourceGroups/VPSesourceGroup/providers/Microsoft.Network/virtualNetworks/VPSesourceGroup/subnets/internal",
                "name": "internal",
                "security_group": ""
              }
            ],
            "tags": {},
            "timeouts": null,
            "vm_protection_enabled": false
          },
          "sensitive_attributes": [],
          "private": "eyJlMmJmYjczMC1lY2FhLTExZTYtOGY4OC0zNDM2M2JjN2M0YzAiOnsiY3JlYXRlIjoxODAwMDAwMDAwMDAwLCJkZWxldGUiOjE4MDAwMDAwMDAwMDAsInJlYWQiOjMwMDAwMDAwMDAwMCwidXBkYXRlIjoxODAwMDAwMDAwMDAwfX0=",
          "dependencies": [
            "azurerm_resource_group.seetoothVPS"
          ]
        }
      ]
    }
  ]
}
